<?xml version="1.0" encoding="utf-8"?>
<Project ToolsVersion="4.0" xmlns="http://schemas.microsoft.com/developer/msbuild/2003">
  <ItemGroup>
    <ClCompile Include="$(MSBuildThisFileDirectory)engineApplication.cpp" />
    <ClCompile Include="$(MSBuildThisFileDirectory)jwComponent.cpp">
      <Filter>Component</Filter>
    </ClCompile>
    <ClCompile Include="$(MSBuildThisFileDirectory)jwSceneManager.cpp">
      <Filter>Scene</Filter>
    </ClCompile>
    <ClCompile Include="$(MSBuildThisFileDirectory)jwScene.cpp">
      <Filter>Scene</Filter>
    </ClCompile>
    <ClCompile Include="$(MSBuildThisFileDirectory)jwTime.cpp">
      <Filter>Util</Filter>
    </ClCompile>
    <ClCompile Include="$(MSBuildThisFileDirectory)jwInput.cpp">
      <Filter>Util</Filter>
    </ClCompile>
    <ClCompile Include="$(MSBuildThisFileDirectory)jwGameObject.cpp">
      <Filter>GameObject</Filter>
    </ClCompile>
    <ClCompile Include="$(MSBuildThisFileDirectory)jwResource.cpp">
      <Filter>Resource</Filter>
    </ClCompile>
    <ClCompile Include="$(MSBuildThisFileDirectory)jwResources.cpp">
      <Filter>Resource</Filter>
    </ClCompile>
    <ClCompile Include="$(MSBuildThisFileDirectory)jwMath.cpp">
      <Filter>Util</Filter>
    </ClCompile>
    <ClCompile Include="$(MSBuildThisFileDirectory)jwEntity.cpp">
      <Filter>Component</Filter>
    </ClCompile>
    <ClCompile Include="$(MSBuildThisFileDirectory)jwTexture.cpp">
      <Filter>Resource\Texture</Filter>
    </ClCompile>
    <ClCompile Include="$(MSBuildThisFileDirectory)jwScript.cpp">
      <Filter>Component\Script</Filter>
    </ClCompile>
    <ClCompile Include="$(MSBuildThisFileDirectory)jwLayer.cpp">
      <Filter>Component\Layer</Filter>
    </ClCompile>
    <ClCompile Include="$(MSBuildThisFileDirectory)jwSpriteRenderer.cpp">
      <Filter>Component\SpriteRenderer</Filter>
    </ClCompile>
    <ClCompile Include="$(MSBuildThisFileDirectory)jwTransform.cpp">
      <Filter>Component\Transform</Filter>
    </ClCompile>
    <ClCompile Include="$(MSBuildThisFileDirectory)jwCamera.cpp">
      <Filter>Component\Camera</Filter>
    </ClCompile>
    <ClCompile Include="$(MSBuildThisFileDirectory)jwRenderer.cpp">
      <Filter>Component\Camera</Filter>
    </ClCompile>
    <ClCompile Include="$(MSBuildThisFileDirectory)jwAnimation.cpp">
      <Filter>Component\Animation</Filter>
    </ClCompile>
    <ClCompile Include="$(MSBuildThisFileDirectory)jwAnimator.cpp">
      <Filter>Component\Animation</Filter>
    </ClCompile>
    <ClCompile Include="$(MSBuildThisFileDirectory)jwBoxCollider2D.cpp">
      <Filter>Component\Collider</Filter>
    </ClCompile>
    <ClCompile Include="$(MSBuildThisFileDirectory)jwCircleCollider2D.cpp">
      <Filter>Component\Collider</Filter>
    </ClCompile>
    <ClCompile Include="$(MSBuildThisFileDirectory)jwCollider.cpp">
      <Filter>Component\Collider</Filter>
    </ClCompile>
    <ClCompile Include="$(MSBuildThisFileDirectory)jwCollisionManager.cpp">
      <Filter>Component\Collider</Filter>
    </ClCompile>
    <ClCompile Include="$(MSBuildThisFileDirectory)jwObject.cpp">
      <Filter>Object</Filter>
    </ClCompile>
    <ClCompile Include="$(MSBuildThisFileDirectory)jwDontDestroyOnLoad.cpp">
      <Filter>Scene\DontDestroy</Filter>
    </ClCompile>
    <ClCompile Include="$(MSBuildThisFileDirectory)jwTilemapRenderer.cpp">
      <Filter>Component\TileMap</Filter>
    </ClCompile>
    <ClCompile Include="$(MSBuildThisFileDirectory)jwRigidbody.cpp">
      <Filter>Component\RigidBody</Filter>
    </ClCompile>
    <ClCompile Include="$(MSBuildThisFileDirectory)jwUIManager.cpp">
      <Filter>UI</Filter>
    </ClCompile>
    <ClCompile Include="$(MSBuildThisFileDirectory)jwUIBase.cpp">
      <Filter>UI</Filter>
    </ClCompile>
    <ClCompile Include="$(MSBuildThisFileDirectory)jwUIButton.cpp">
      <Filter>UI</Filter>
    </ClCompile>
    <ClCompile Include="$(MSBuildThisFileDirectory)jwUIHUD.cpp">
      <Filter>UI</Filter>
    </ClCompile>
    <ClCompile Include="$(MSBuildThisFileDirectory)jwFmod.cpp">
      <Filter>Audio\Fmod</Filter>
    </ClCompile>
    <ClCompile Include="$(MSBuildThisFileDirectory)jwAudioClip.cpp">
      <Filter>Audio</Filter>
    </ClCompile>
    <ClCompile Include="$(MSBuildThisFileDirectory)jwAudioListener.cpp">
      <Filter>Audio</Filter>
    </ClCompile>
    <ClCompile Include="$(MSBuildThisFileDirectory)jwAudioSource.cpp">
      <Filter>Audio</Filter>
    </ClCompile>
  </ItemGroup>
  <ItemGroup>
    <ClInclude Include="$(MSBuildThisFileDirectory)CommonInclude.h" />
    <ClInclude Include="$(MSBuildThisFileDirectory)engineApplication.h" />
    <ClInclude Include="$(MSBuildThisFileDirectory)jwComponent.h">
      <Filter>Component</Filter>
    </ClInclude>
    <ClInclude Include="$(MSBuildThisFileDirectory)jwSceneManager.h">
      <Filter>Scene</Filter>
    </ClInclude>
    <ClInclude Include="$(MSBuildThisFileDirectory)jwScene.h">
      <Filter>Scene</Filter>
    </ClInclude>
    <ClInclude Include="$(MSBuildThisFileDirectory)jwTime.h">
      <Filter>Util</Filter>
    </ClInclude>
    <ClInclude Include="$(MSBuildThisFileDirectory)jwInput.h">
      <Filter>Util</Filter>
    </ClInclude>
    <ClInclude Include="$(MSBuildThisFileDirectory)jwGameObject.h">
      <Filter>GameObject</Filter>
    </ClInclude>
    <ClInclude Include="$(MSBuildThisFileDirectory)jwResource.h">
      <Filter>Resource</Filter>
    </ClInclude>
    <ClInclude Include="$(MSBuildThisFileDirectory)jwResources.h">
      <Filter>Resource</Filter>
    </ClInclude>
    <ClInclude Include="$(MSBuildThisFileDirectory)jwMath.h">
      <Filter>Util</Filter>
    </ClInclude>
    <ClInclude Include="$(MSBuildThisFileDirectory)jwEntity.h">
      <Filter>Component</Filter>
    </ClInclude>
    <ClInclude Include="$(MSBuildThisFileDirectory)jwEnums.h">
      <Filter>Util</Filter>
    </ClInclude>
    <ClInclude Include="$(MSBuildThisFileDirectory)jwTexture.h">
      <Filter>Resource\Texture</Filter>
    </ClInclude>
    <ClInclude Include="$(MSBuildThisFileDirectory)jwScript.h">
      <Filter>Component\Script</Filter>
    </ClInclude>
    <ClInclude Include="$(MSBuildThisFileDirectory)jwLayer.h">
      <Filter>Component\Layer</Filter>
    </ClInclude>
    <ClInclude Include="$(MSBuildThisFileDirectory)jwTransform.h">
      <Filter>Component\Transform</Filter>
    </ClInclude>
    <ClInclude Include="$(MSBuildThisFileDirectory)jwSpriteRenderer.h">
      <Filter>Component\SpriteRenderer</Filter>
    </ClInclude>
    <ClInclude Include="$(MSBuildThisFileDirectory)jwCamera.h">
      <Filter>Component\Camera</Filter>
    </ClInclude>
    <ClInclude Include="$(MSBuildThisFileDirectory)jwRenderer.h">
      <Filter>Component\Camera</Filter>
    </ClInclude>
    <ClInclude Include="$(MSBuildThisFileDirectory)jwAnimation.h">
      <Filter>Component\Animation</Filter>
    </ClInclude>
    <ClInclude Include="$(MSBuildThisFileDirectory)jwAnimator.h">
      <Filter>Component\Animation</Filter>
    </ClInclude>
    <ClInclude Include="$(MSBuildThisFileDirectory)jwObject.h">
      <Filter>Object</Filter>
    </ClInclude>
    <ClInclude Include="$(MSBuildThisFileDirectory)jwBoxCollider2D.h">
      <Filter>Component\Collider</Filter>
    </ClInclude>
    <ClInclude Include="$(MSBuildThisFileDirectory)jwCircleCollider2D.h">
      <Filter>Component\Collider</Filter>
    </ClInclude>
    <ClInclude Include="$(MSBuildThisFileDirectory)jwCollider.h">
      <Filter>Component\Collider</Filter>
    </ClInclude>
    <ClInclude Include="$(MSBuildThisFileDirectory)jwCollisionManager.h">
      <Filter>Component\Collider</Filter>
    </ClInclude>
    <ClInclude Include="$(MSBuildThisFileDirectory)jwDontDestroyOnLoad.h">
      <Filter>Scene\DontDestroy</Filter>
    </ClInclude>
    <ClInclude Include="$(MSBuildThisFileDirectory)jwTilemapRenderer.h">
      <Filter>Component\TileMap</Filter>
    </ClInclude>
    <ClInclude Include="$(MSBuildThisFileDirectory)jwRigidbody.h">
      <Filter>Component\RigidBody</Filter>
    </ClInclude>
    <ClInclude Include="$(MSBuildThisFileDirectory)jwUIManager.h">
      <Filter>UI</Filter>
    </ClInclude>
    <ClInclude Include="$(MSBuildThisFileDirectory)jwUIBase.h">
      <Filter>UI</Filter>
    </ClInclude>
    <ClInclude Include="$(MSBuildThisFileDirectory)jwUIHUD.h">
      <Filter>UI</Filter>
    </ClInclude>
    <ClInclude Include="$(MSBuildThisFileDirectory)jwUIButton.h">
      <Filter>UI</Filter>
    </ClInclude>
    <ClInclude Include="$(MSBuildThisFileDirectory)jwFmod.h">
      <Filter>Audio\Fmod</Filter>
    </ClInclude>
    <ClInclude Include="$(MSBuildThisFileDirectory)jwAudioClip.h">
      <Filter>Audio</Filter>
    </ClInclude>
    <ClInclude Include="$(MSBuildThisFileDirectory)jwAudioListener.h">
      <Filter>Audio</Filter>
    </ClInclude>
    <ClInclude Include="$(MSBuildThisFileDirectory)jwAudioSource.h">
      <Filter>Audio</Filter>
    </ClInclude>
  </ItemGroup>
  <ItemGroup>
    <Filter Include="Component">
      <UniqueIdentifier>{a71363cf-3755-4b18-a6fc-f17244b60ef6}</UniqueIdentifier>
    </Filter>
    <Filter Include="Scene">
      <UniqueIdentifier>{1abea77e-c2fc-4d90-9c4c-8e6c3fdc81dd}</UniqueIdentifier>
    </Filter>
    <Filter Include="Util">
      <UniqueIdentifier>{6e655943-5389-4870-9279-e9980e0e1fbb}</UniqueIdentifier>
    </Filter>
    <Filter Include="GameObject">
      <UniqueIdentifier>{669409c3-cd07-4a98-a0b9-7eaf39362095}</UniqueIdentifier>
    </Filter>
    <Filter Include="Resource">
      <UniqueIdentifier>{ba1770da-0d4c-454b-a5c8-9338c46f8b2b}</UniqueIdentifier>
    </Filter>
    <Filter Include="Resource\Texture">
      <UniqueIdentifier>{019a9c4b-7317-4413-b140-05b0c302c117}</UniqueIdentifier>
    </Filter>
    <Filter Include="Component\Script">
      <UniqueIdentifier>{f6383d3b-9242-41d8-93a1-a766165688d7}</UniqueIdentifier>
    </Filter>
    <Filter Include="Component\Layer">
      <UniqueIdentifier>{574ffb1f-8a7d-49d5-a5ba-67fecc26f804}</UniqueIdentifier>
    </Filter>
    <Filter Include="Component\SpriteRenderer">
      <UniqueIdentifier>{bc7b338b-8692-49cd-977b-bb2d38b48c28}</UniqueIdentifier>
    </Filter>
    <Filter Include="Component\Transform">
      <UniqueIdentifier>{11277539-18db-4cc1-82d1-8471f3ef8761}</UniqueIdentifier>
    </Filter>
    <Filter Include="Component\Camera">
      <UniqueIdentifier>{94cfcb23-e6e2-4788-9322-8e0e827a4a04}</UniqueIdentifier>
    </Filter>
    <Filter Include="Component\Animation">
      <UniqueIdentifier>{ddc835ff-7ff3-43a2-90f2-9e393dfab8fd}</UniqueIdentifier>
    </Filter>
    <Filter Include="Object">
      <UniqueIdentifier>{c49d9aa3-1428-4ae5-afc9-8c85c44f30d1}</UniqueIdentifier>
    </Filter>
    <Filter Include="Component\Collider">
      <UniqueIdentifier>{18763317-2379-4320-baf1-4813598ec8c8}</UniqueIdentifier>
    </Filter>
    <Filter Include="Scene\DontDestroy">
      <UniqueIdentifier>{89b2c49f-ad23-4b66-b4f7-16b1f06933f0}</UniqueIdentifier>
    </Filter>
    <Filter Include="Component\TileMap">
      <UniqueIdentifier>{71043df7-c653-41c5-9197-080ea1c1bf32}</UniqueIdentifier>
    </Filter>
    <Filter Include="Component\RigidBody">
      <UniqueIdentifier>{f96539e7-c8b1-4887-b1e7-0aae5bcdd6f4}</UniqueIdentifier>
    </Filter>
    <Filter Include="UI">
      <UniqueIdentifier>{02ce0a69-f241-478e-a18a-f088ebb9fb46}</UniqueIdentifier>
    </Filter>
    <Filter Include="Audio">
      <UniqueIdentifier>{b36ca3ef-f41a-4bfc-adee-d36d504d9729}</UniqueIdentifier>
    </Filter>
    <Filter Include="Audio\Fmod">
      <UniqueIdentifier>{fe410db1-14b6-4278-b244-aadad20e6473}</UniqueIdentifier>
    </Filter>
  </ItemGroup>
</Project>