<?xml version="1.0" encoding="utf-8"?>
<Project ToolsVersion="4.0" xmlns="http://schemas.microsoft.com/developer/msbuild/2003">
  <ItemGroup>
    <Filter Include="Scene">
      <UniqueIdentifier>{63c3f0d7-8385-4800-90a0-716c2df1d7a9}</UniqueIdentifier>
    </Filter>
    <Filter Include="Player">
      <UniqueIdentifier>{5e67d5a8-5787-4347-bb49-d095c345be69}</UniqueIdentifier>
    </Filter>
    <Filter Include="Cat">
      <UniqueIdentifier>{4a00cdb5-509f-4345-8763-53166812c0f0}</UniqueIdentifier>
    </Filter>
    <Filter Include="Scene\ToolScene">
      <UniqueIdentifier>{9c1cea9e-7a88-498e-9e54-60688e0ca39b}</UniqueIdentifier>
    </Filter>
    <Filter Include="Scene\PlayScene">
      <UniqueIdentifier>{1a9befb4-11aa-483c-ad53-0c4a92880827}</UniqueIdentifier>
    </Filter>
    <Filter Include="Scene\TitleScene">
      <UniqueIdentifier>{5f822a85-30e7-4689-9d4f-e6ba92ce5dfe}</UniqueIdentifier>
    </Filter>
    <Filter Include="Tile">
      <UniqueIdentifier>{a1059070-56ff-4320-9dd6-1e2a61ba43ed}</UniqueIdentifier>
    </Filter>
  </ItemGroup>
  <ItemGroup>
    <ClInclude Include="jwLoadScene.h">
      <Filter>Scene</Filter>
    </ClInclude>
    <ClInclude Include="jwLoadResources.h" />
    <ClInclude Include="jwPlayer.h">
      <Filter>Player</Filter>
    </ClInclude>
    <ClInclude Include="jwPlayerScript.h">
      <Filter>Player</Filter>
    </ClInclude>
    <ClInclude Include="jwCat.h">
      <Filter>Cat</Filter>
    </ClInclude>
    <ClInclude Include="jwCatScript.h">
      <Filter>Cat</Filter>
    </ClInclude>
    <ClInclude Include="jwTitleScene.h">
      <Filter>Scene\TitleScene</Filter>
    </ClInclude>
    <ClInclude Include="jwPlayScene.h">
      <Filter>Scene\PlayScene</Filter>
    </ClInclude>
    <ClInclude Include="jwToolScene.h">
      <Filter>Scene\ToolScene</Filter>
    </ClInclude>
    <ClInclude Include="jwTile.h">
      <Filter>Tile</Filter>
    </ClInclude>
  </ItemGroup>
  <ItemGroup>
    <ClCompile Include="jwPlayer.cpp">
      <Filter>Player</Filter>
    </ClCompile>
    <ClCompile Include="jwPlayerScript.cpp">
      <Filter>Player</Filter>
    </ClCompile>
    <ClCompile Include="jwCat.cpp">
      <Filter>Cat</Filter>
    </ClCompile>
    <ClCompile Include="jwCatScript.cpp">
      <Filter>Cat</Filter>
    </ClCompile>
    <ClCompile Include="jwTitleScene.cpp">
      <Filter>Scene\TitleScene</Filter>
    </ClCompile>
    <ClCompile Include="jwPlayScene.cpp">
      <Filter>Scene\PlayScene</Filter>
    </ClCompile>
    <ClCompile Include="jwToolScene.cpp">
      <Filter>Scene\ToolScene</Filter>
    </ClCompile>
    <ClCompile Include="jwTile.cpp">
      <Filter>Tile</Filter>
    </ClCompile>
  </ItemGroup>
</Project>