<?xml version="1.0" encoding="utf-8"?>
<Project ToolsVersion="4.0" xmlns="http://schemas.microsoft.com/developer/msbuild/2003">
  <ItemGroup>
    <Filter Include="Scene">
      <UniqueIdentifier>{63c3f0d7-8385-4800-90a0-716c2df1d7a9}</UniqueIdentifier>
    </Filter>
  </ItemGroup>
  <ItemGroup>
    <ClInclude Include="jwLoadScene.h">
      <Filter>Scene</Filter>
    </ClInclude>
    <ClInclude Include="jwPlayScene.h">
      <Filter>Scene</Filter>
    </ClInclude>
    <ClInclude Include="jwPlayer.h" />
    <ClInclude Include="jwTitleScene.h">
      <Filter>Scene</Filter>
    </ClInclude>
  </ItemGroup>
  <ItemGroup>
    <ClCompile Include="jwPlayScene.cpp">
      <Filter>Scene</Filter>
    </ClCompile>
    <ClCompile Include="jwPlayer.cpp" />
    <ClCompile Include="jwTitleScene.cpp">
      <Filter>Scene</Filter>
    </ClCompile>
  </ItemGroup>
</Project>